// !$*UTF8*$!
{
	archiveVersion = 1;
	classes = {
	};
	objectVersion = 46;
	objects = {

/* Begin PBXBuildFile section */
		B65098D36193EF23DBBD8C6C /* Pods.framework in Frameworks */ = {isa = PBXBuildFile; fileRef = 7AB9F6EA39240B98D1439371 /* Pods.framework */; settings = {ATTRIBUTES = (Weak, ); }; };
		F604E8C71C52908B00C3A223 /* DroneTableViewCell.m in Sources */ = {isa = PBXBuildFile; fileRef = F604E8C61C52908B00C3A223 /* DroneTableViewCell.m */; };
		F618E2351C5122DC00418EF0 /* CommandAnnotation.m in Sources */ = {isa = PBXBuildFile; fileRef = F618E2341C5122DC00418EF0 /* CommandAnnotation.m */; };
		F65B919A1C2329A300380DDB /* main.m in Sources */ = {isa = PBXBuildFile; fileRef = F65B91991C2329A300380DDB /* main.m */; };
		F65B919D1C2329A300380DDB /* AppDelegate.m in Sources */ = {isa = PBXBuildFile; fileRef = F65B919C1C2329A300380DDB /* AppDelegate.m */; };
		F65B91A31C2329A300380DDB /* Main.storyboard in Resources */ = {isa = PBXBuildFile; fileRef = F65B91A11C2329A300380DDB /* Main.storyboard */; };
		F65B91A51C2329A300380DDB /* Assets.xcassets in Resources */ = {isa = PBXBuildFile; fileRef = F65B91A41C2329A300380DDB /* Assets.xcassets */; };
		F65B91A81C2329A300380DDB /* LaunchScreen.storyboard in Resources */ = {isa = PBXBuildFile; fileRef = F65B91A61C2329A300380DDB /* LaunchScreen.storyboard */; };
		F65B91B31C2329A300380DDB /* QuadMonitoringTests.m in Sources */ = {isa = PBXBuildFile; fileRef = F65B91B21C2329A300380DDB /* QuadMonitoringTests.m */; };
		F65B91BE1C232C1C00380DDB /* MapKit.framework in Frameworks */ = {isa = PBXBuildFile; fileRef = F65B91BD1C232C1C00380DDB /* MapKit.framework */; };
		F65D92481C3194930062ED34 /* DroneAnnotation.m in Sources */ = {isa = PBXBuildFile; fileRef = F65D92471C3194930062ED34 /* DroneAnnotation.m */; };
		F688F2671C5621380080F53C /* BatteryView.m in Sources */ = {isa = PBXBuildFile; fileRef = F688F2661C5621380080F53C /* BatteryView.m */; };
		F688F26A1C5626DF0080F53C /* DroneTableViewController.m in Sources */ = {isa = PBXBuildFile; fileRef = F688F2691C5626DF0080F53C /* DroneTableViewController.m */; };
		F688F26D1C5627F20080F53C /* UIImage+Drone.m in Sources */ = {isa = PBXBuildFile; fileRef = F688F26C1C5627F20080F53C /* UIImage+Drone.m */; };
		F688F2741C565BE80080F53C /* DroneDetailsViewController.m in Sources */ = {isa = PBXBuildFile; fileRef = F688F2731C565BE80080F53C /* DroneDetailsViewController.m */; };
		F688F2771C566CC80080F53C /* TasksTableViewController.m in Sources */ = {isa = PBXBuildFile; fileRef = F688F2761C566CC80080F53C /* TasksTableViewController.m */; };
		F688F27A1C566EC00080F53C /* NSDate+Utils.m in Sources */ = {isa = PBXBuildFile; fileRef = F688F2791C566EC00080F53C /* NSDate+Utils.m */; };
		F688F27D1C5674DB0080F53C /* StyleKit.m in Sources */ = {isa = PBXBuildFile; fileRef = F688F27B1C5674DB0080F53C /* StyleKit.m */; };
		F688F2801C56754A0080F53C /* TargetView.m in Sources */ = {isa = PBXBuildFile; fileRef = F688F27F1C56754A0080F53C /* TargetView.m */; };
		F688F2831C5681DA0080F53C /* AddTaskViewController.m in Sources */ = {isa = PBXBuildFile; fileRef = F688F2821C5681DA0080F53C /* AddTaskViewController.m */; };
		F6A628451C4D5AE9006B50FA /* CarAnnotation.m in Sources */ = {isa = PBXBuildFile; fileRef = F6A628441C4D5AE9006B50FA /* CarAnnotation.m */; };
		F6A8760C1C4FDA5C0012F032 /* SettingsManager.m in Sources */ = {isa = PBXBuildFile; fileRef = F6A8760B1C4FDA5C0012F032 /* SettingsManager.m */; };
		F6A876101C4FDD710012F032 /* Drone.m in Sources */ = {isa = PBXBuildFile; fileRef = F6A8760F1C4FDD710012F032 /* Drone.m */; };
		F6A876131C4FDF600012F032 /* Route.m in Sources */ = {isa = PBXBuildFile; fileRef = F6A876121C4FDF600012F032 /* Route.m */; };
		F6A876161C4FE2000012F032 /* Sensor.m in Sources */ = {isa = PBXBuildFile; fileRef = F6A876151C4FE2000012F032 /* Sensor.m */; };
		F6A876191C4FE2830012F032 /* SensorValue.m in Sources */ = {isa = PBXBuildFile; fileRef = F6A876181C4FE2830012F032 /* SensorValue.m */; };
		F6A8761C1C4FFA010012F032 /* DroneParser.m in Sources */ = {isa = PBXBuildFile; fileRef = F6A8761B1C4FFA010012F032 /* DroneParser.m */; };
		F6A8761F1C4FFD050012F032 /* RouteParser.m in Sources */ = {isa = PBXBuildFile; fileRef = F6A8761E1C4FFD050012F032 /* RouteParser.m */; };
		F6A876221C4FFE5E0012F032 /* NSDate+JSON.m in Sources */ = {isa = PBXBuildFile; fileRef = F6A876211C4FFE5E0012F032 /* NSDate+JSON.m */; };
		F6A876251C4FFEF70012F032 /* SensorParser.m in Sources */ = {isa = PBXBuildFile; fileRef = F6A876241C4FFEF70012F032 /* SensorParser.m */; };
		F6A876281C4FFF7B0012F032 /* SensorValueParser.m in Sources */ = {isa = PBXBuildFile; fileRef = F6A876271C4FFF7B0012F032 /* SensorValueParser.m */; };
		F6A8762B1C5000400012F032 /* Command.m in Sources */ = {isa = PBXBuildFile; fileRef = F6A8762A1C5000400012F032 /* Command.m */; };
		F6A8762E1C5000D60012F032 /* CommandParser.m in Sources */ = {isa = PBXBuildFile; fileRef = F6A8762D1C5000D60012F032 /* CommandParser.m */; };
		F6A876311C50439F0012F032 /* SettingsViewController.m in Sources */ = {isa = PBXBuildFile; fileRef = F6A876301C50439F0012F032 /* SettingsViewController.m */; };
		F6C524651C49082100FE9C30 /* MonitoringObject.m in Sources */ = {isa = PBXBuildFile; fileRef = F6C524641C49082100FE9C30 /* MonitoringObject.m */; };
		F6C524681C49084000FE9C30 /* BaseAnnotation.m in Sources */ = {isa = PBXBuildFile; fileRef = F6C524671C49084000FE9C30 /* BaseAnnotation.m */; };
		F6C5246C1C49085500FE9C30 /* Engine.m in Sources */ = {isa = PBXBuildFile; fileRef = F6C5246B1C49085500FE9C30 /* Engine.m */; };
		F6C5246F1C49086100FE9C30 /* ServerManager.m in Sources */ = {isa = PBXBuildFile; fileRef = F6C5246E1C49086100FE9C30 /* ServerManager.m */; };
		F6C524721C4931DA00FE9C30 /* DataManager.m in Sources */ = {isa = PBXBuildFile; fileRef = F6C524711C4931DA00FE9C30 /* DataManager.m */; };
		F6C524771C493DD000FE9C30 /* BaseParser.m in Sources */ = {isa = PBXBuildFile; fileRef = F6C524761C493DD000FE9C30 /* BaseParser.m */; };
		F6C5247F1C4944CB00FE9C30 /* NSDictionary+Safe.m in Sources */ = {isa = PBXBuildFile; fileRef = F6C5247E1C4944CB00FE9C30 /* NSDictionary+Safe.m */; };
		F6C524821C49453200FE9C30 /* CommonParser.m in Sources */ = {isa = PBXBuildFile; fileRef = F6C524811C49453200FE9C30 /* CommonParser.m */; };
		F6C6277B1C3053010049989E /* MapViewController.m in Sources */ = {isa = PBXBuildFile; fileRef = F6C6277A1C3053010049989E /* MapViewController.m */; };
/* End PBXBuildFile section */

/* Begin PBXContainerItemProxy section */
		F65B91AF1C2329A300380DDB /* PBXContainerItemProxy */ = {
			isa = PBXContainerItemProxy;
			containerPortal = F65B918D1C2329A300380DDB /* Project object */;
			proxyType = 1;
			remoteGlobalIDString = F65B91941C2329A300380DDB;
			remoteInfo = QuadMonitoring;
		};
/* End PBXContainerItemProxy section */

/* Begin PBXFileReference section */
		02764555D3503E8B18AB714B /* Pods.release.xcconfig */ = {isa = PBXFileReference; includeInIndex = 1; lastKnownFileType = text.xcconfig; name = Pods.release.xcconfig; path = "Pods/Target Support Files/Pods/Pods.release.xcconfig"; sourceTree = "<group>"; };
		0A8118D03EB40E6E853B36D9 /* Pods.debug.xcconfig */ = {isa = PBXFileReference; includeInIndex = 1; lastKnownFileType = text.xcconfig; name = Pods.debug.xcconfig; path = "Pods/Target Support Files/Pods/Pods.debug.xcconfig"; sourceTree = "<group>"; };
		7AB9F6EA39240B98D1439371 /* Pods.framework */ = {isa = PBXFileReference; explicitFileType = wrapper.framework; includeInIndex = 0; path = Pods.framework; sourceTree = BUILT_PRODUCTS_DIR; };
		F604E8C51C52908B00C3A223 /* DroneTableViewCell.h */ = {isa = PBXFileReference; fileEncoding = 4; lastKnownFileType = sourcecode.c.h; path = DroneTableViewCell.h; sourceTree = "<group>"; };
		F604E8C61C52908B00C3A223 /* DroneTableViewCell.m */ = {isa = PBXFileReference; fileEncoding = 4; lastKnownFileType = sourcecode.c.objc; path = DroneTableViewCell.m; sourceTree = "<group>"; };
		F618E2331C5122DC00418EF0 /* CommandAnnotation.h */ = {isa = PBXFileReference; fileEncoding = 4; lastKnownFileType = sourcecode.c.h; path = CommandAnnotation.h; sourceTree = "<group>"; };
		F618E2341C5122DC00418EF0 /* CommandAnnotation.m */ = {isa = PBXFileReference; fileEncoding = 4; lastKnownFileType = sourcecode.c.objc; path = CommandAnnotation.m; sourceTree = "<group>"; };
		F65B91951C2329A300380DDB /* QuadMonitoring.app */ = {isa = PBXFileReference; explicitFileType = wrapper.application; includeInIndex = 0; path = QuadMonitoring.app; sourceTree = BUILT_PRODUCTS_DIR; };
		F65B91991C2329A300380DDB /* main.m */ = {isa = PBXFileReference; lastKnownFileType = sourcecode.c.objc; path = main.m; sourceTree = "<group>"; };
		F65B919B1C2329A300380DDB /* AppDelegate.h */ = {isa = PBXFileReference; lastKnownFileType = sourcecode.c.h; path = AppDelegate.h; sourceTree = "<group>"; };
		F65B919C1C2329A300380DDB /* AppDelegate.m */ = {isa = PBXFileReference; lastKnownFileType = sourcecode.c.objc; path = AppDelegate.m; sourceTree = "<group>"; };
		F65B91A21C2329A300380DDB /* Base */ = {isa = PBXFileReference; lastKnownFileType = file.storyboard; name = Base; path = Base.lproj/Main.storyboard; sourceTree = "<group>"; };
		F65B91A41C2329A300380DDB /* Assets.xcassets */ = {isa = PBXFileReference; lastKnownFileType = folder.assetcatalog; path = Assets.xcassets; sourceTree = "<group>"; };
		F65B91A71C2329A300380DDB /* Base */ = {isa = PBXFileReference; lastKnownFileType = file.storyboard; name = Base; path = Base.lproj/LaunchScreen.storyboard; sourceTree = "<group>"; };
		F65B91A91C2329A300380DDB /* Info.plist */ = {isa = PBXFileReference; lastKnownFileType = text.plist.xml; path = Info.plist; sourceTree = "<group>"; };
		F65B91AE1C2329A300380DDB /* QuadMonitoringTests.xctest */ = {isa = PBXFileReference; explicitFileType = wrapper.cfbundle; includeInIndex = 0; path = QuadMonitoringTests.xctest; sourceTree = BUILT_PRODUCTS_DIR; };
		F65B91B21C2329A300380DDB /* QuadMonitoringTests.m */ = {isa = PBXFileReference; lastKnownFileType = sourcecode.c.objc; path = QuadMonitoringTests.m; sourceTree = "<group>"; };
		F65B91B41C2329A300380DDB /* Info.plist */ = {isa = PBXFileReference; lastKnownFileType = text.plist.xml; path = Info.plist; sourceTree = "<group>"; };
		F65B91BD1C232C1C00380DDB /* MapKit.framework */ = {isa = PBXFileReference; lastKnownFileType = wrapper.framework; name = MapKit.framework; path = System/Library/Frameworks/MapKit.framework; sourceTree = SDKROOT; };
		F65D92461C3194930062ED34 /* DroneAnnotation.h */ = {isa = PBXFileReference; fileEncoding = 4; lastKnownFileType = sourcecode.c.h; path = DroneAnnotation.h; sourceTree = "<group>"; };
		F65D92471C3194930062ED34 /* DroneAnnotation.m */ = {isa = PBXFileReference; fileEncoding = 4; lastKnownFileType = sourcecode.c.objc; path = DroneAnnotation.m; sourceTree = "<group>"; };
		F688F2651C5621380080F53C /* BatteryView.h */ = {isa = PBXFileReference; fileEncoding = 4; lastKnownFileType = sourcecode.c.h; path = BatteryView.h; sourceTree = "<group>"; };
		F688F2661C5621380080F53C /* BatteryView.m */ = {isa = PBXFileReference; fileEncoding = 4; lastKnownFileType = sourcecode.c.objc; path = BatteryView.m; sourceTree = "<group>"; };
		F688F2681C5626DF0080F53C /* DroneTableViewController.h */ = {isa = PBXFileReference; fileEncoding = 4; lastKnownFileType = sourcecode.c.h; path = DroneTableViewController.h; sourceTree = "<group>"; };
		F688F2691C5626DF0080F53C /* DroneTableViewController.m */ = {isa = PBXFileReference; fileEncoding = 4; lastKnownFileType = sourcecode.c.objc; path = DroneTableViewController.m; sourceTree = "<group>"; };
		F688F26B1C5627F20080F53C /* UIImage+Drone.h */ = {isa = PBXFileReference; fileEncoding = 4; lastKnownFileType = sourcecode.c.h; path = "UIImage+Drone.h"; sourceTree = "<group>"; };
		F688F26C1C5627F20080F53C /* UIImage+Drone.m */ = {isa = PBXFileReference; fileEncoding = 4; lastKnownFileType = sourcecode.c.objc; path = "UIImage+Drone.m"; sourceTree = "<group>"; };
		F688F2721C565BE80080F53C /* DroneDetailsViewController.h */ = {isa = PBXFileReference; fileEncoding = 4; lastKnownFileType = sourcecode.c.h; path = DroneDetailsViewController.h; sourceTree = "<group>"; };
		F688F2731C565BE80080F53C /* DroneDetailsViewController.m */ = {isa = PBXFileReference; fileEncoding = 4; lastKnownFileType = sourcecode.c.objc; path = DroneDetailsViewController.m; sourceTree = "<group>"; };
		F688F2751C566CC80080F53C /* TasksTableViewController.h */ = {isa = PBXFileReference; fileEncoding = 4; lastKnownFileType = sourcecode.c.h; path = TasksTableViewController.h; sourceTree = "<group>"; };
		F688F2761C566CC80080F53C /* TasksTableViewController.m */ = {isa = PBXFileReference; fileEncoding = 4; lastKnownFileType = sourcecode.c.objc; path = TasksTableViewController.m; sourceTree = "<group>"; };
		F688F2781C566EC00080F53C /* NSDate+Utils.h */ = {isa = PBXFileReference; fileEncoding = 4; lastKnownFileType = sourcecode.c.h; path = "NSDate+Utils.h"; sourceTree = "<group>"; };
		F688F2791C566EC00080F53C /* NSDate+Utils.m */ = {isa = PBXFileReference; fileEncoding = 4; lastKnownFileType = sourcecode.c.objc; path = "NSDate+Utils.m"; sourceTree = "<group>"; };
		F688F27B1C5674DB0080F53C /* StyleKit.m */ = {isa = PBXFileReference; fileEncoding = 4; lastKnownFileType = sourcecode.c.objc; path = StyleKit.m; sourceTree = "<group>"; };
		F688F27C1C5674DB0080F53C /* StyleKit.h */ = {isa = PBXFileReference; fileEncoding = 4; lastKnownFileType = sourcecode.c.h; path = StyleKit.h; sourceTree = "<group>"; };
		F688F27E1C56754A0080F53C /* TargetView.h */ = {isa = PBXFileReference; fileEncoding = 4; lastKnownFileType = sourcecode.c.h; path = TargetView.h; sourceTree = "<group>"; };
		F688F27F1C56754A0080F53C /* TargetView.m */ = {isa = PBXFileReference; fileEncoding = 4; lastKnownFileType = sourcecode.c.objc; path = TargetView.m; sourceTree = "<group>"; };
		F688F2811C5681DA0080F53C /* AddTaskViewController.h */ = {isa = PBXFileReference; fileEncoding = 4; lastKnownFileType = sourcecode.c.h; path = AddTaskViewController.h; sourceTree = "<group>"; };
		F688F2821C5681DA0080F53C /* AddTaskViewController.m */ = {isa = PBXFileReference; fileEncoding = 4; lastKnownFileType = sourcecode.c.objc; path = AddTaskViewController.m; sourceTree = "<group>"; };
		F6A628431C4D5AE9006B50FA /* CarAnnotation.h */ = {isa = PBXFileReference; fileEncoding = 4; lastKnownFileType = sourcecode.c.h; path = CarAnnotation.h; sourceTree = "<group>"; };
		F6A628441C4D5AE9006B50FA /* CarAnnotation.m */ = {isa = PBXFileReference; fileEncoding = 4; lastKnownFileType = sourcecode.c.objc; path = CarAnnotation.m; sourceTree = "<group>"; };
		F6A8760A1C4FDA5C0012F032 /* SettingsManager.h */ = {isa = PBXFileReference; fileEncoding = 4; lastKnownFileType = sourcecode.c.h; path = SettingsManager.h; sourceTree = "<group>"; };
		F6A8760B1C4FDA5C0012F032 /* SettingsManager.m */ = {isa = PBXFileReference; fileEncoding = 4; lastKnownFileType = sourcecode.c.objc; path = SettingsManager.m; sourceTree = "<group>"; };
		F6A8760E1C4FDD710012F032 /* Drone.h */ = {isa = PBXFileReference; fileEncoding = 4; lastKnownFileType = sourcecode.c.h; path = Drone.h; sourceTree = "<group>"; };
		F6A8760F1C4FDD710012F032 /* Drone.m */ = {isa = PBXFileReference; fileEncoding = 4; lastKnownFileType = sourcecode.c.objc; path = Drone.m; sourceTree = "<group>"; };
		F6A876111C4FDF600012F032 /* Route.h */ = {isa = PBXFileReference; fileEncoding = 4; lastKnownFileType = sourcecode.c.h; path = Route.h; sourceTree = "<group>"; };
		F6A876121C4FDF600012F032 /* Route.m */ = {isa = PBXFileReference; fileEncoding = 4; lastKnownFileType = sourcecode.c.objc; path = Route.m; sourceTree = "<group>"; };
		F6A876141C4FE2000012F032 /* Sensor.h */ = {isa = PBXFileReference; fileEncoding = 4; lastKnownFileType = sourcecode.c.h; path = Sensor.h; sourceTree = "<group>"; };
		F6A876151C4FE2000012F032 /* Sensor.m */ = {isa = PBXFileReference; fileEncoding = 4; lastKnownFileType = sourcecode.c.objc; path = Sensor.m; sourceTree = "<group>"; };
		F6A876171C4FE2830012F032 /* SensorValue.h */ = {isa = PBXFileReference; fileEncoding = 4; lastKnownFileType = sourcecode.c.h; path = SensorValue.h; sourceTree = "<group>"; };
		F6A876181C4FE2830012F032 /* SensorValue.m */ = {isa = PBXFileReference; fileEncoding = 4; lastKnownFileType = sourcecode.c.objc; path = SensorValue.m; sourceTree = "<group>"; };
		F6A8761A1C4FFA010012F032 /* DroneParser.h */ = {isa = PBXFileReference; fileEncoding = 4; lastKnownFileType = sourcecode.c.h; path = DroneParser.h; sourceTree = "<group>"; };
		F6A8761B1C4FFA010012F032 /* DroneParser.m */ = {isa = PBXFileReference; fileEncoding = 4; lastKnownFileType = sourcecode.c.objc; path = DroneParser.m; sourceTree = "<group>"; };
		F6A8761D1C4FFD050012F032 /* RouteParser.h */ = {isa = PBXFileReference; fileEncoding = 4; lastKnownFileType = sourcecode.c.h; path = RouteParser.h; sourceTree = "<group>"; };
		F6A8761E1C4FFD050012F032 /* RouteParser.m */ = {isa = PBXFileReference; fileEncoding = 4; lastKnownFileType = sourcecode.c.objc; path = RouteParser.m; sourceTree = "<group>"; };
		F6A876201C4FFE5E0012F032 /* NSDate+JSON.h */ = {isa = PBXFileReference; fileEncoding = 4; lastKnownFileType = sourcecode.c.h; path = "NSDate+JSON.h"; sourceTree = "<group>"; };
		F6A876211C4FFE5E0012F032 /* NSDate+JSON.m */ = {isa = PBXFileReference; fileEncoding = 4; lastKnownFileType = sourcecode.c.objc; path = "NSDate+JSON.m"; sourceTree = "<group>"; };
		F6A876231C4FFEF70012F032 /* SensorParser.h */ = {isa = PBXFileReference; fileEncoding = 4; lastKnownFileType = sourcecode.c.h; path = SensorParser.h; sourceTree = "<group>"; };
		F6A876241C4FFEF70012F032 /* SensorParser.m */ = {isa = PBXFileReference; fileEncoding = 4; lastKnownFileType = sourcecode.c.objc; path = SensorParser.m; sourceTree = "<group>"; };
		F6A876261C4FFF7B0012F032 /* SensorValueParser.h */ = {isa = PBXFileReference; fileEncoding = 4; lastKnownFileType = sourcecode.c.h; path = SensorValueParser.h; sourceTree = "<group>"; };
		F6A876271C4FFF7B0012F032 /* SensorValueParser.m */ = {isa = PBXFileReference; fileEncoding = 4; lastKnownFileType = sourcecode.c.objc; path = SensorValueParser.m; sourceTree = "<group>"; };
		F6A876291C5000400012F032 /* Command.h */ = {isa = PBXFileReference; fileEncoding = 4; lastKnownFileType = sourcecode.c.h; path = Command.h; sourceTree = "<group>"; };
		F6A8762A1C5000400012F032 /* Command.m */ = {isa = PBXFileReference; fileEncoding = 4; lastKnownFileType = sourcecode.c.objc; path = Command.m; sourceTree = "<group>"; };
		F6A8762C1C5000D60012F032 /* CommandParser.h */ = {isa = PBXFileReference; fileEncoding = 4; lastKnownFileType = sourcecode.c.h; path = CommandParser.h; sourceTree = "<group>"; };
		F6A8762D1C5000D60012F032 /* CommandParser.m */ = {isa = PBXFileReference; fileEncoding = 4; lastKnownFileType = sourcecode.c.objc; path = CommandParser.m; sourceTree = "<group>"; };
		F6A8762F1C50439F0012F032 /* SettingsViewController.h */ = {isa = PBXFileReference; fileEncoding = 4; lastKnownFileType = sourcecode.c.h; path = SettingsViewController.h; sourceTree = "<group>"; };
		F6A876301C50439F0012F032 /* SettingsViewController.m */ = {isa = PBXFileReference; fileEncoding = 4; lastKnownFileType = sourcecode.c.objc; path = SettingsViewController.m; sourceTree = "<group>"; };
		F6C524631C49082100FE9C30 /* MonitoringObject.h */ = {isa = PBXFileReference; fileEncoding = 4; lastKnownFileType = sourcecode.c.h; path = MonitoringObject.h; sourceTree = "<group>"; };
		F6C524641C49082100FE9C30 /* MonitoringObject.m */ = {isa = PBXFileReference; fileEncoding = 4; lastKnownFileType = sourcecode.c.objc; path = MonitoringObject.m; sourceTree = "<group>"; };
		F6C524661C49084000FE9C30 /* BaseAnnotation.h */ = {isa = PBXFileReference; fileEncoding = 4; lastKnownFileType = sourcecode.c.h; path = BaseAnnotation.h; sourceTree = "<group>"; };
		F6C524671C49084000FE9C30 /* BaseAnnotation.m */ = {isa = PBXFileReference; fileEncoding = 4; lastKnownFileType = sourcecode.c.objc; path = BaseAnnotation.m; sourceTree = "<group>"; };
		F6C5246A1C49085500FE9C30 /* Engine.h */ = {isa = PBXFileReference; fileEncoding = 4; lastKnownFileType = sourcecode.c.h; path = Engine.h; sourceTree = "<group>"; };
		F6C5246B1C49085500FE9C30 /* Engine.m */ = {isa = PBXFileReference; fileEncoding = 4; lastKnownFileType = sourcecode.c.objc; path = Engine.m; sourceTree = "<group>"; };
		F6C5246D1C49086100FE9C30 /* ServerManager.h */ = {isa = PBXFileReference; fileEncoding = 4; lastKnownFileType = sourcecode.c.h; path = ServerManager.h; sourceTree = "<group>"; };
		F6C5246E1C49086100FE9C30 /* ServerManager.m */ = {isa = PBXFileReference; fileEncoding = 4; lastKnownFileType = sourcecode.c.objc; path = ServerManager.m; sourceTree = "<group>"; };
		F6C524701C4931DA00FE9C30 /* DataManager.h */ = {isa = PBXFileReference; fileEncoding = 4; lastKnownFileType = sourcecode.c.h; path = DataManager.h; sourceTree = "<group>"; };
		F6C524711C4931DA00FE9C30 /* DataManager.m */ = {isa = PBXFileReference; fileEncoding = 4; lastKnownFileType = sourcecode.c.objc; path = DataManager.m; sourceTree = "<group>"; };
		F6C524731C49329E00FE9C30 /* Constants.h */ = {isa = PBXFileReference; fileEncoding = 4; lastKnownFileType = sourcecode.c.h; path = Constants.h; sourceTree = "<group>"; };
		F6C524741C493DD000FE9C30 /* ParseProtocol.h */ = {isa = PBXFileReference; fileEncoding = 4; lastKnownFileType = sourcecode.c.h; path = ParseProtocol.h; sourceTree = "<group>"; };
		F6C524751C493DD000FE9C30 /* BaseParser.h */ = {isa = PBXFileReference; fileEncoding = 4; lastKnownFileType = sourcecode.c.h; path = BaseParser.h; sourceTree = "<group>"; };
		F6C524761C493DD000FE9C30 /* BaseParser.m */ = {isa = PBXFileReference; fileEncoding = 4; lastKnownFileType = sourcecode.c.objc; path = BaseParser.m; sourceTree = "<group>"; };
		F6C5247D1C4944CB00FE9C30 /* NSDictionary+Safe.h */ = {isa = PBXFileReference; fileEncoding = 4; lastKnownFileType = sourcecode.c.h; path = "NSDictionary+Safe.h"; sourceTree = "<group>"; };
		F6C5247E1C4944CB00FE9C30 /* NSDictionary+Safe.m */ = {isa = PBXFileReference; fileEncoding = 4; lastKnownFileType = sourcecode.c.objc; path = "NSDictionary+Safe.m"; sourceTree = "<group>"; };
		F6C524801C49453200FE9C30 /* CommonParser.h */ = {isa = PBXFileReference; fileEncoding = 4; lastKnownFileType = sourcecode.c.h; path = CommonParser.h; sourceTree = "<group>"; };
		F6C524811C49453200FE9C30 /* CommonParser.m */ = {isa = PBXFileReference; fileEncoding = 4; lastKnownFileType = sourcecode.c.objc; path = CommonParser.m; sourceTree = "<group>"; };
		F6C627791C3053010049989E /* MapViewController.h */ = {isa = PBXFileReference; fileEncoding = 4; lastKnownFileType = sourcecode.c.h; path = MapViewController.h; sourceTree = "<group>"; };
		F6C6277A1C3053010049989E /* MapViewController.m */ = {isa = PBXFileReference; fileEncoding = 4; lastKnownFileType = sourcecode.c.objc; path = MapViewController.m; sourceTree = "<group>"; };
/* End PBXFileReference section */

/* Begin PBXFrameworksBuildPhase section */
		F65B91921C2329A300380DDB /* Frameworks */ = {
			isa = PBXFrameworksBuildPhase;
			buildActionMask = 2147483647;
			files = (
				F65B91BE1C232C1C00380DDB /* MapKit.framework in Frameworks */,
				B65098D36193EF23DBBD8C6C /* Pods.framework in Frameworks */,
			);
			runOnlyForDeploymentPostprocessing = 0;
		};
		F65B91AB1C2329A300380DDB /* Frameworks */ = {
			isa = PBXFrameworksBuildPhase;
			buildActionMask = 2147483647;
			files = (
			);
			runOnlyForDeploymentPostprocessing = 0;
		};
/* End PBXFrameworksBuildPhase section */

/* Begin PBXGroup section */
		9D3703B1F075F3B2F6C963FC /* Frameworks */ = {
			isa = PBXGroup;
			children = (
				F65B91BD1C232C1C00380DDB /* MapKit.framework */,
				7AB9F6EA39240B98D1439371 /* Pods.framework */,
			);
			name = Frameworks;
			sourceTree = "<group>";
		};
		EA8AEAFE606886E3DEF50EDC /* Pods */ = {
			isa = PBXGroup;
			children = (
				0A8118D03EB40E6E853B36D9 /* Pods.debug.xcconfig */,
				02764555D3503E8B18AB714B /* Pods.release.xcconfig */,
			);
			name = Pods;
			sourceTree = "<group>";
		};
		F604E8C31C52906D00C3A223 /* Views */ = {
			isa = PBXGroup;
			children = (
				F604E8C41C52907200C3A223 /* TableCells */,
				F688F2651C5621380080F53C /* BatteryView.h */,
				F688F2661C5621380080F53C /* BatteryView.m */,
				F688F27E1C56754A0080F53C /* TargetView.h */,
				F688F27F1C56754A0080F53C /* TargetView.m */,
			);
			name = Views;
			sourceTree = "<group>";
		};
		F604E8C41C52907200C3A223 /* TableCells */ = {
			isa = PBXGroup;
			children = (
				F604E8C51C52908B00C3A223 /* DroneTableViewCell.h */,
				F604E8C61C52908B00C3A223 /* DroneTableViewCell.m */,
			);
			name = TableCells;
			sourceTree = "<group>";
		};
		F604E8C81C52B1B000C3A223 /* StyleKit */ = {
			isa = PBXGroup;
			children = (
				F688F27C1C5674DB0080F53C /* StyleKit.h */,
				F688F27B1C5674DB0080F53C /* StyleKit.m */,
			);
			name = StyleKit;
			sourceTree = "<group>";
		};
		F65B918C1C2329A300380DDB = {
			isa = PBXGroup;
			children = (
				F65B91971C2329A300380DDB /* QuadMonitoring */,
				F65B91B11C2329A300380DDB /* QuadMonitoringTests */,
				F65B91961C2329A300380DDB /* Products */,
				EA8AEAFE606886E3DEF50EDC /* Pods */,
				9D3703B1F075F3B2F6C963FC /* Frameworks */,
			);
			sourceTree = "<group>";
		};
		F65B91961C2329A300380DDB /* Products */ = {
			isa = PBXGroup;
			children = (
				F65B91951C2329A300380DDB /* QuadMonitoring.app */,
				F65B91AE1C2329A300380DDB /* QuadMonitoringTests.xctest */,
			);
			name = Products;
			sourceTree = "<group>";
		};
		F65B91971C2329A300380DDB /* QuadMonitoring */ = {
			isa = PBXGroup;
			children = (
				F6C524731C49329E00FE9C30 /* Constants.h */,
				F6C5247C1C4944B700FE9C30 /* Extansions */,
				F6C524781C493DD600FE9C30 /* Parsers */,
				F6C524691C49084A00FE9C30 /* Managers */,
				F6C524621C49080800FE9C30 /* Models */,
				F65D92451C31945F0062ED34 /* Annotations */,
				F6C627781C3052EF0049989E /* Controllers */,
				F604E8C31C52906D00C3A223 /* Views */,
				F604E8C81C52B1B000C3A223 /* StyleKit */,
				F65B919B1C2329A300380DDB /* AppDelegate.h */,
				F65B919C1C2329A300380DDB /* AppDelegate.m */,
				F65B91A11C2329A300380DDB /* Main.storyboard */,
				F65B91A41C2329A300380DDB /* Assets.xcassets */,
				F65B91A61C2329A300380DDB /* LaunchScreen.storyboard */,
				F65B91A91C2329A300380DDB /* Info.plist */,
				F65B91981C2329A300380DDB /* Supporting Files */,
			);
			path = QuadMonitoring;
			sourceTree = "<group>";
		};
		F65B91981C2329A300380DDB /* Supporting Files */ = {
			isa = PBXGroup;
			children = (
				F65B91991C2329A300380DDB /* main.m */,
			);
			name = "Supporting Files";
			sourceTree = "<group>";
		};
		F65B91B11C2329A300380DDB /* QuadMonitoringTests */ = {
			isa = PBXGroup;
			children = (
				F65B91B21C2329A300380DDB /* QuadMonitoringTests.m */,
				F65B91B41C2329A300380DDB /* Info.plist */,
			);
			path = QuadMonitoringTests;
			sourceTree = "<group>";
		};
		F65D92451C31945F0062ED34 /* Annotations */ = {
			isa = PBXGroup;
			children = (
				F6C524661C49084000FE9C30 /* BaseAnnotation.h */,
				F6C524671C49084000FE9C30 /* BaseAnnotation.m */,
				F65D92461C3194930062ED34 /* DroneAnnotation.h */,
				F65D92471C3194930062ED34 /* DroneAnnotation.m */,
				F6A628431C4D5AE9006B50FA /* CarAnnotation.h */,
				F6A628441C4D5AE9006B50FA /* CarAnnotation.m */,
				F618E2331C5122DC00418EF0 /* CommandAnnotation.h */,
				F618E2341C5122DC00418EF0 /* CommandAnnotation.m */,
			);
			name = Annotations;
			sourceTree = "<group>";
		};
		F6A8760D1C4FDD610012F032 /* ServerModels */ = {
			isa = PBXGroup;
			children = (
				F6A8760E1C4FDD710012F032 /* Drone.h */,
				F6A8760F1C4FDD710012F032 /* Drone.m */,
				F6A876111C4FDF600012F032 /* Route.h */,
				F6A876121C4FDF600012F032 /* Route.m */,
				F6A876141C4FE2000012F032 /* Sensor.h */,
				F6A876151C4FE2000012F032 /* Sensor.m */,
				F6A876171C4FE2830012F032 /* SensorValue.h */,
				F6A876181C4FE2830012F032 /* SensorValue.m */,
				F6A876291C5000400012F032 /* Command.h */,
				F6A8762A1C5000400012F032 /* Command.m */,
			);
			name = ServerModels;
			sourceTree = "<group>";
		};
		F6C524621C49080800FE9C30 /* Models */ = {
			isa = PBXGroup;
			children = (
				F6A8760D1C4FDD610012F032 /* ServerModels */,
				F6C524631C49082100FE9C30 /* MonitoringObject.h */,
				F6C524641C49082100FE9C30 /* MonitoringObject.m */,
			);
			name = Models;
			sourceTree = "<group>";
		};
		F6C524691C49084A00FE9C30 /* Managers */ = {
			isa = PBXGroup;
			children = (
				F6C5246A1C49085500FE9C30 /* Engine.h */,
				F6C5246B1C49085500FE9C30 /* Engine.m */,
				F6C5246D1C49086100FE9C30 /* ServerManager.h */,
				F6C5246E1C49086100FE9C30 /* ServerManager.m */,
				F6C524701C4931DA00FE9C30 /* DataManager.h */,
				F6C524711C4931DA00FE9C30 /* DataManager.m */,
				F6A8760A1C4FDA5C0012F032 /* SettingsManager.h */,
				F6A8760B1C4FDA5C0012F032 /* SettingsManager.m */,
			);
			name = Managers;
			sourceTree = "<group>";
		};
		F6C524781C493DD600FE9C30 /* Parsers */ = {
			isa = PBXGroup;
			children = (
				F6C524741C493DD000FE9C30 /* ParseProtocol.h */,
				F6C524751C493DD000FE9C30 /* BaseParser.h */,
				F6C524761C493DD000FE9C30 /* BaseParser.m */,
				F6C524801C49453200FE9C30 /* CommonParser.h */,
				F6C524811C49453200FE9C30 /* CommonParser.m */,
				F6A8761A1C4FFA010012F032 /* DroneParser.h */,
				F6A8761B1C4FFA010012F032 /* DroneParser.m */,
				F6A8761D1C4FFD050012F032 /* RouteParser.h */,
				F6A8761E1C4FFD050012F032 /* RouteParser.m */,
				F6A876231C4FFEF70012F032 /* SensorParser.h */,
				F6A876241C4FFEF70012F032 /* SensorParser.m */,
				F6A876261C4FFF7B0012F032 /* SensorValueParser.h */,
				F6A876271C4FFF7B0012F032 /* SensorValueParser.m */,
				F6A8762C1C5000D60012F032 /* CommandParser.h */,
				F6A8762D1C5000D60012F032 /* CommandParser.m */,
			);
			name = Parsers;
			sourceTree = "<group>";
		};
		F6C5247C1C4944B700FE9C30 /* Extansions */ = {
			isa = PBXGroup;
			children = (
				F6A876201C4FFE5E0012F032 /* NSDate+JSON.h */,
				F6A876211C4FFE5E0012F032 /* NSDate+JSON.m */,
				F6C5247D1C4944CB00FE9C30 /* NSDictionary+Safe.h */,
				F6C5247E1C4944CB00FE9C30 /* NSDictionary+Safe.m */,
				F688F26B1C5627F20080F53C /* UIImage+Drone.h */,
				F688F26C1C5627F20080F53C /* UIImage+Drone.m */,
				F688F2781C566EC00080F53C /* NSDate+Utils.h */,
				F688F2791C566EC00080F53C /* NSDate+Utils.m */,
			);
			name = Extansions;
			sourceTree = "<group>";
		};
		F6C627781C3052EF0049989E /* Controllers */ = {
			isa = PBXGroup;
			children = (
				F6C627791C3053010049989E /* MapViewController.h */,
				F6C6277A1C3053010049989E /* MapViewController.m */,
				F6A8762F1C50439F0012F032 /* SettingsViewController.h */,
				F6A876301C50439F0012F032 /* SettingsViewController.m */,
				F688F2681C5626DF0080F53C /* DroneTableViewController.h */,
				F688F2691C5626DF0080F53C /* DroneTableViewController.m */,
				F688F2721C565BE80080F53C /* DroneDetailsViewController.h */,
				F688F2731C565BE80080F53C /* DroneDetailsViewController.m */,
				F688F2751C566CC80080F53C /* TasksTableViewController.h */,
				F688F2761C566CC80080F53C /* TasksTableViewController.m */,
				F688F2811C5681DA0080F53C /* AddTaskViewController.h */,
				F688F2821C5681DA0080F53C /* AddTaskViewController.m */,
			);
			name = Controllers;
			sourceTree = "<group>";
		};
/* End PBXGroup section */

/* Begin PBXNativeTarget section */
		F65B91941C2329A300380DDB /* QuadMonitoring */ = {
			isa = PBXNativeTarget;
			buildConfigurationList = F65B91B71C2329A300380DDB /* Build configuration list for PBXNativeTarget "QuadMonitoring" */;
			buildPhases = (
				984D6A57FAB9C46893A674F4 /* Check Pods Manifest.lock */,
				F65B91911C2329A300380DDB /* Sources */,
				F65B91921C2329A300380DDB /* Frameworks */,
				F65B91931C2329A300380DDB /* Resources */,
				F09A14FDA38215A43E5F2BFA /* Copy Pods Resources */,
				F55B2F46474D9C970874DDDB /* Embed Pods Frameworks */,
			);
			buildRules = (
			);
			dependencies = (
			);
			name = QuadMonitoring;
			productName = QuadMonitoring;
			productReference = F65B91951C2329A300380DDB /* QuadMonitoring.app */;
			productType = "com.apple.product-type.application";
		};
		F65B91AD1C2329A300380DDB /* QuadMonitoringTests */ = {
			isa = PBXNativeTarget;
			buildConfigurationList = F65B91BA1C2329A300380DDB /* Build configuration list for PBXNativeTarget "QuadMonitoringTests" */;
			buildPhases = (
				F65B91AA1C2329A300380DDB /* Sources */,
				F65B91AB1C2329A300380DDB /* Frameworks */,
				F65B91AC1C2329A300380DDB /* Resources */,
			);
			buildRules = (
			);
			dependencies = (
				F65B91B01C2329A300380DDB /* PBXTargetDependency */,
			);
			name = QuadMonitoringTests;
			productName = QuadMonitoringTests;
			productReference = F65B91AE1C2329A300380DDB /* QuadMonitoringTests.xctest */;
			productType = "com.apple.product-type.bundle.unit-test";
		};
/* End PBXNativeTarget section */

/* Begin PBXProject section */
		F65B918D1C2329A300380DDB /* Project object */ = {
			isa = PBXProject;
			attributes = {
				LastUpgradeCheck = 0700;
				ORGANIZATIONNAME = "Stanislav Dymedyuk";
				TargetAttributes = {
					F65B91941C2329A300380DDB = {
						CreatedOnToolsVersion = 7.0.1;
						DevelopmentTeam = 36CLWK4HAE;
						SystemCapabilities = {
							com.apple.Maps.iOS = {
								enabled = 1;
							};
						};
					};
					F65B91AD1C2329A300380DDB = {
						CreatedOnToolsVersion = 7.0.1;
						TestTargetID = F65B91941C2329A300380DDB;
					};
				};
			};
			buildConfigurationList = F65B91901C2329A300380DDB /* Build configuration list for PBXProject "QuadMonitoring" */;
			compatibilityVersion = "Xcode 3.2";
			developmentRegion = English;
			hasScannedForEncodings = 0;
			knownRegions = (
				en,
				Base,
			);
			mainGroup = F65B918C1C2329A300380DDB;
			productRefGroup = F65B91961C2329A300380DDB /* Products */;
			projectDirPath = "";
			projectRoot = "";
			targets = (
				F65B91941C2329A300380DDB /* QuadMonitoring */,
				F65B91AD1C2329A300380DDB /* QuadMonitoringTests */,
			);
		};
/* End PBXProject section */

/* Begin PBXResourcesBuildPhase section */
		F65B91931C2329A300380DDB /* Resources */ = {
			isa = PBXResourcesBuildPhase;
			buildActionMask = 2147483647;
			files = (
				F65B91A81C2329A300380DDB /* LaunchScreen.storyboard in Resources */,
				F65B91A51C2329A300380DDB /* Assets.xcassets in Resources */,
				F65B91A31C2329A300380DDB /* Main.storyboard in Resources */,
			);
			runOnlyForDeploymentPostprocessing = 0;
		};
		F65B91AC1C2329A300380DDB /* Resources */ = {
			isa = PBXResourcesBuildPhase;
			buildActionMask = 2147483647;
			files = (
			);
			runOnlyForDeploymentPostprocessing = 0;
		};
/* End PBXResourcesBuildPhase section */

/* Begin PBXShellScriptBuildPhase section */
		984D6A57FAB9C46893A674F4 /* Check Pods Manifest.lock */ = {
			isa = PBXShellScriptBuildPhase;
			buildActionMask = 2147483647;
			files = (
			);
			inputPaths = (
			);
			name = "Check Pods Manifest.lock";
			outputPaths = (
			);
			runOnlyForDeploymentPostprocessing = 0;
			shellPath = /bin/sh;
			shellScript = "diff \"${PODS_ROOT}/../Podfile.lock\" \"${PODS_ROOT}/Manifest.lock\" > /dev/null\nif [[ $? != 0 ]] ; then\n    cat << EOM\nerror: The sandbox is not in sync with the Podfile.lock. Run 'pod install' or update your CocoaPods installation.\nEOM\n    exit 1\nfi\n";
			showEnvVarsInLog = 0;
		};
		F09A14FDA38215A43E5F2BFA /* Copy Pods Resources */ = {
			isa = PBXShellScriptBuildPhase;
			buildActionMask = 2147483647;
			files = (
			);
			inputPaths = (
			);
			name = "Copy Pods Resources";
			outputPaths = (
			);
			runOnlyForDeploymentPostprocessing = 0;
			shellPath = /bin/sh;
			shellScript = "\"${SRCROOT}/Pods/Target Support Files/Pods/Pods-resources.sh\"\n";
			showEnvVarsInLog = 0;
		};
		F55B2F46474D9C970874DDDB /* Embed Pods Frameworks */ = {
			isa = PBXShellScriptBuildPhase;
			buildActionMask = 2147483647;
			files = (
			);
			inputPaths = (
			);
			name = "Embed Pods Frameworks";
			outputPaths = (
			);
			runOnlyForDeploymentPostprocessing = 0;
			shellPath = /bin/sh;
			shellScript = "\"${SRCROOT}/Pods/Target Support Files/Pods/Pods-frameworks.sh\"\n";
			showEnvVarsInLog = 0;
		};
/* End PBXShellScriptBuildPhase section */

/* Begin PBXSourcesBuildPhase section */
		F65B91911C2329A300380DDB /* Sources */ = {
			isa = PBXSourcesBuildPhase;
			buildActionMask = 2147483647;
			files = (
				F6C6277B1C3053010049989E /* MapViewController.m in Sources */,
				F6A876131C4FDF600012F032 /* Route.m in Sources */,
				F6C524721C4931DA00FE9C30 /* DataManager.m in Sources */,
				F6A876311C50439F0012F032 /* SettingsViewController.m in Sources */,
				F6C5246C1C49085500FE9C30 /* Engine.m in Sources */,
				F6A8761F1C4FFD050012F032 /* RouteParser.m in Sources */,
				F6C5247F1C4944CB00FE9C30 /* NSDictionary+Safe.m in Sources */,
				F6A876281C4FFF7B0012F032 /* SensorValueParser.m in Sources */,
				F688F2771C566CC80080F53C /* TasksTableViewController.m in Sources */,
				F6A876191C4FE2830012F032 /* SensorValue.m in Sources */,
				F65B919D1C2329A300380DDB /* AppDelegate.m in Sources */,
				F65B919A1C2329A300380DDB /* main.m in Sources */,
				F6A876101C4FDD710012F032 /* Drone.m in Sources */,
				F6A8761C1C4FFA010012F032 /* DroneParser.m in Sources */,
				F6A8760C1C4FDA5C0012F032 /* SettingsManager.m in Sources */,
				F688F26D1C5627F20080F53C /* UIImage+Drone.m in Sources */,
				F688F27D1C5674DB0080F53C /* StyleKit.m in Sources */,
				F6A876161C4FE2000012F032 /* Sensor.m in Sources */,
				F65D92481C3194930062ED34 /* DroneAnnotation.m in Sources */,
				F6A876251C4FFEF70012F032 /* SensorParser.m in Sources */,
				F6A8762B1C5000400012F032 /* Command.m in Sources */,
				F688F2801C56754A0080F53C /* TargetView.m in Sources */,
				F6C524821C49453200FE9C30 /* CommonParser.m in Sources */,
				F688F26A1C5626DF0080F53C /* DroneTableViewController.m in Sources */,
				F618E2351C5122DC00418EF0 /* CommandAnnotation.m in Sources */,
				F6C524771C493DD000FE9C30 /* BaseParser.m in Sources */,
				F6C524651C49082100FE9C30 /* MonitoringObject.m in Sources */,
				F604E8C71C52908B00C3A223 /* DroneTableViewCell.m in Sources */,
				F688F2671C5621380080F53C /* BatteryView.m in Sources */,
				F688F2831C5681DA0080F53C /* AddTaskViewController.m in Sources */,
				F6A628451C4D5AE9006B50FA /* CarAnnotation.m in Sources */,
				F688F2741C565BE80080F53C /* DroneDetailsViewController.m in Sources */,
				F688F27A1C566EC00080F53C /* NSDate+Utils.m in Sources */,
				F6C5246F1C49086100FE9C30 /* ServerManager.m in Sources */,
				F6A876221C4FFE5E0012F032 /* NSDate+JSON.m in Sources */,
				F6C524681C49084000FE9C30 /* BaseAnnotation.m in Sources */,
				F6A8762E1C5000D60012F032 /* CommandParser.m in Sources */,
			);
			runOnlyForDeploymentPostprocessing = 0;
		};
		F65B91AA1C2329A300380DDB /* Sources */ = {
			isa = PBXSourcesBuildPhase;
			buildActionMask = 2147483647;
			files = (
				F65B91B31C2329A300380DDB /* QuadMonitoringTests.m in Sources */,
			);
			runOnlyForDeploymentPostprocessing = 0;
		};
/* End PBXSourcesBuildPhase section */

/* Begin PBXTargetDependency section */
		F65B91B01C2329A300380DDB /* PBXTargetDependency */ = {
			isa = PBXTargetDependency;
			target = F65B91941C2329A300380DDB /* QuadMonitoring */;
			targetProxy = F65B91AF1C2329A300380DDB /* PBXContainerItemProxy */;
		};
/* End PBXTargetDependency section */

/* Begin PBXVariantGroup section */
		F65B91A11C2329A300380DDB /* Main.storyboard */ = {
			isa = PBXVariantGroup;
			children = (
				F65B91A21C2329A300380DDB /* Base */,
			);
			name = Main.storyboard;
			sourceTree = "<group>";
		};
		F65B91A61C2329A300380DDB /* LaunchScreen.storyboard */ = {
			isa = PBXVariantGroup;
			children = (
				F65B91A71C2329A300380DDB /* Base */,
			);
			name = LaunchScreen.storyboard;
			sourceTree = "<group>";
		};
/* End PBXVariantGroup section */

/* Begin XCBuildConfiguration section */
		F65B91B51C2329A300380DDB /* Debug */ = {
			isa = XCBuildConfiguration;
			buildSettings = {
				ALWAYS_SEARCH_USER_PATHS = NO;
				CLANG_CXX_LANGUAGE_STANDARD = "gnu++0x";
				CLANG_CXX_LIBRARY = "libc++";
				CLANG_ENABLE_MODULES = YES;
				CLANG_ENABLE_OBJC_ARC = YES;
				CLANG_WARN_BOOL_CONVERSION = YES;
				CLANG_WARN_CONSTANT_CONVERSION = YES;
				CLANG_WARN_DIRECT_OBJC_ISA_USAGE = YES_ERROR;
				CLANG_WARN_EMPTY_BODY = YES;
				CLANG_WARN_ENUM_CONVERSION = YES;
				CLANG_WARN_INT_CONVERSION = YES;
				CLANG_WARN_OBJC_ROOT_CLASS = YES_ERROR;
				CLANG_WARN_UNREACHABLE_CODE = YES;
				CLANG_WARN__DUPLICATE_METHOD_MATCH = YES;
				"CODE_SIGN_IDENTITY[sdk=iphoneos*]" = "iPhone Developer";
				COPY_PHASE_STRIP = NO;
				DEBUG_INFORMATION_FORMAT = dwarf;
				ENABLE_STRICT_OBJC_MSGSEND = YES;
				ENABLE_TESTABILITY = YES;
				GCC_C_LANGUAGE_STANDARD = gnu99;
				GCC_DYNAMIC_NO_PIC = NO;
				GCC_NO_COMMON_BLOCKS = YES;
				GCC_OPTIMIZATION_LEVEL = 0;
				GCC_PREPROCESSOR_DEFINITIONS = (
					"DEBUG=1",
					"$(inherited)",
				);
				GCC_WARN_64_TO_32_BIT_CONVERSION = YES;
				GCC_WARN_ABOUT_RETURN_TYPE = YES_ERROR;
				GCC_WARN_UNDECLARED_SELECTOR = YES;
				GCC_WARN_UNINITIALIZED_AUTOS = YES_AGGRESSIVE;
				GCC_WARN_UNUSED_FUNCTION = YES;
				GCC_WARN_UNUSED_VARIABLE = YES;
				IPHONEOS_DEPLOYMENT_TARGET = 9.0;
				MTL_ENABLE_DEBUG_INFO = YES;
				ONLY_ACTIVE_ARCH = YES;
				SDKROOT = iphoneos;
				TARGETED_DEVICE_FAMILY = "1,2";
			};
			name = Debug;
		};
		F65B91B61C2329A300380DDB /* Release */ = {
			isa = XCBuildConfiguration;
			buildSettings = {
				ALWAYS_SEARCH_USER_PATHS = NO;
				CLANG_CXX_LANGUAGE_STANDARD = "gnu++0x";
				CLANG_CXX_LIBRARY = "libc++";
				CLANG_ENABLE_MODULES = YES;
				CLANG_ENABLE_OBJC_ARC = YES;
				CLANG_WARN_BOOL_CONVERSION = YES;
				CLANG_WARN_CONSTANT_CONVERSION = YES;
				CLANG_WARN_DIRECT_OBJC_ISA_USAGE = YES_ERROR;
				CLANG_WARN_EMPTY_BODY = YES;
				CLANG_WARN_ENUM_CONVERSION = YES;
				CLANG_WARN_INT_CONVERSION = YES;
				CLANG_WARN_OBJC_ROOT_CLASS = YES_ERROR;
				CLANG_WARN_UNREACHABLE_CODE = YES;
				CLANG_WARN__DUPLICATE_METHOD_MATCH = YES;
				"CODE_SIGN_IDENTITY[sdk=iphoneos*]" = "iPhone Developer";
				COPY_PHASE_STRIP = NO;
				DEBUG_INFORMATION_FORMAT = "dwarf-with-dsym";
				ENABLE_NS_ASSERTIONS = NO;
				ENABLE_STRICT_OBJC_MSGSEND = YES;
				GCC_C_LANGUAGE_STANDARD = gnu99;
				GCC_NO_COMMON_BLOCKS = YES;
				GCC_WARN_64_TO_32_BIT_CONVERSION = YES;
				GCC_WARN_ABOUT_RETURN_TYPE = YES_ERROR;
				GCC_WARN_UNDECLARED_SELECTOR = YES;
				GCC_WARN_UNINITIALIZED_AUTOS = YES_AGGRESSIVE;
				GCC_WARN_UNUSED_FUNCTION = YES;
				GCC_WARN_UNUSED_VARIABLE = YES;
				IPHONEOS_DEPLOYMENT_TARGET = 9.0;
				MTL_ENABLE_DEBUG_INFO = NO;
				SDKROOT = iphoneos;
				TARGETED_DEVICE_FAMILY = "1,2";
				VALIDATE_PRODUCT = YES;
			};
			name = Release;
		};
		F65B91B81C2329A300380DDB /* Debug */ = {
			isa = XCBuildConfiguration;
			baseConfigurationReference = 0A8118D03EB40E6E853B36D9 /* Pods.debug.xcconfig */;
			buildSettings = {
				ASSETCATALOG_COMPILER_APPICON_NAME = AppIcon;
				CODE_SIGN_IDENTITY = "iPhone Developer";
				INFOPLIST_FILE = QuadMonitoring/Info.plist;
				IPHONEOS_DEPLOYMENT_TARGET = 8.1;
				LD_RUNPATH_SEARCH_PATHS = "$(inherited) @executable_path/Frameworks";
				PRODUCT_BUNDLE_IDENTIFIER = distvi.QuadMonitoring;
				PRODUCT_NAME = "$(TARGET_NAME)";
				PROVISIONING_PROFILE = "";
			};
			name = Debug;
		};
		F65B91B91C2329A300380DDB /* Release */ = {
			isa = XCBuildConfiguration;
			baseConfigurationReference = 02764555D3503E8B18AB714B /* Pods.release.xcconfig */;
			buildSettings = {
				ASSETCATALOG_COMPILER_APPICON_NAME = AppIcon;
				CODE_SIGN_IDENTITY = "iPhone Developer";
				INFOPLIST_FILE = QuadMonitoring/Info.plist;
				IPHONEOS_DEPLOYMENT_TARGET = 8.1;
				LD_RUNPATH_SEARCH_PATHS = "$(inherited) @executable_path/Frameworks";
				PRODUCT_BUNDLE_IDENTIFIER = distvi.QuadMonitoring;
				PRODUCT_NAME = "$(TARGET_NAME)";
				PROVISIONING_PROFILE = "";
			};
			name = Release;
		};
		F65B91BB1C2329A300380DDB /* Debug */ = {
			isa = XCBuildConfiguration;
			buildSettings = {
				BUNDLE_LOADER = "$(TEST_HOST)";
				INFOPLIST_FILE = QuadMonitoringTests/Info.plist;
				LD_RUNPATH_SEARCH_PATHS = "$(inherited) @executable_path/Frameworks @loader_path/Frameworks";
				PRODUCT_BUNDLE_IDENTIFIER = distvi.QuadMonitoringTests;
				PRODUCT_NAME = "$(TARGET_NAME)";
				TEST_HOST = "$(BUILT_PRODUCTS_DIR)/QuadMonitoring.app/QuadMonitoring";
			};
			name = Debug;
		};
		F65B91BC1C2329A300380DDB /* Release */ = {
			isa = XCBuildConfiguration;
			buildSettings = {
				BUNDLE_LOADER = "$(TEST_HOST)";
				INFOPLIST_FILE = QuadMonitoringTests/Info.plist;
				LD_RUNPATH_SEARCH_PATHS = "$(inherited) @executable_path/Frameworks @loader_path/Frameworks";
				PRODUCT_BUNDLE_IDENTIFIER = distvi.QuadMonitoringTests;
				PRODUCT_NAME = "$(TARGET_NAME)";
				TEST_HOST = "$(BUILT_PRODUCTS_DIR)/QuadMonitoring.app/QuadMonitoring";
			};
			name = Release;
		};
/* End XCBuildConfiguration section */

/* Begin XCConfigurationList section */
		F65B91901C2329A300380DDB /* Build configuration list for PBXProject "QuadMonitoring" */ = {
			isa = XCConfigurationList;
			buildConfigurations = (
				F65B91B51C2329A300380DDB /* Debug */,
				F65B91B61C2329A300380DDB /* Release */,
			);
			defaultConfigurationIsVisible = 0;
			defaultConfigurationName = Release;
		};
		F65B91B71C2329A300380DDB /* Build configuration list for PBXNativeTarget "QuadMonitoring" */ = {
			isa = XCConfigurationList;
			buildConfigurations = (
				F65B91B81C2329A300380DDB /* Debug */,
				F65B91B91C2329A300380DDB /* Release */,
			);
			defaultConfigurationIsVisible = 0;
			defaultConfigurationName = Release;
		};
		F65B91BA1C2329A300380DDB /* Build configuration list for PBXNativeTarget "QuadMonitoringTests" */ = {
			isa = XCConfigurationList;
			buildConfigurations = (
				F65B91BB1C2329A300380DDB /* Debug */,
				F65B91BC1C2329A300380DDB /* Release */,
			);
			defaultConfigurationIsVisible = 0;
			defaultConfigurationName = Release;
		};
/* End XCConfigurationList section */
	};
	rootObject = F65B918D1C2329A300380DDB /* Project object */;
}
